<?xml version="1.0" encoding="utf-8"?>
<Project ToolsVersion="4.0" xmlns="http://schemas.microsoft.com/developer/msbuild/2003">
  <ItemGroup>
    <Filter Include="Source Files">
      <UniqueIdentifier>{4FC737F1-C7A5-4376-A066-2A32D752A2FF}</UniqueIdentifier>
      <Extensions>cpp;c;cc;cxx;def;odl;idl;hpj;bat;asm;asmx</Extensions>
    </Filter>
    <Filter Include="Header Files">
      <UniqueIdentifier>{93995380-89BD-4b04-88EB-625FBE52EBFB}</UniqueIdentifier>
      <Extensions>h;hh;hpp;hxx;hm;inl;inc;ipp;xsd</Extensions>
    </Filter>
    <Filter Include="Resource Files">
      <UniqueIdentifier>{67DA6AB6-F800-4c08-8B7A-83BB121AAD01}</UniqueIdentifier>
      <Extensions>rc;ico;cur;bmp;dlg;rc2;rct;bin;rgs;gif;jpg;jpeg;jpe;resx;tiff;tif;png;wav;mfcribbon-ms</Extensions>
    </Filter>
  </ItemGroup>
  <ItemGroup>
    <ClInclude Include="CRHM_GUI.h">
      <Filter>Header Files</Filter>
    </ClInclude>
    <ClInclude Include="stdafx.h">
      <Filter>Header Files</Filter>
    </ClInclude>
    <ClInclude Include="targetver.h">
      <Filter>Header Files</Filter>
    </ClInclude>
    <ClInclude Include="MainFrm.h">
      <Filter>Header Files</Filter>
    </ClInclude>
    <ClInclude Include="CRHM_GUIDoc.h">
      <Filter>Header Files</Filter>
    </ClInclude>
    <ClInclude Include="CRHM_GUIView.h">
      <Filter>Header Files</Filter>
    </ClInclude>
    <ClInclude Include="Resource.h">
      <Filter>Header Files</Filter>
    </ClInclude>
    <ClInclude Include="OutputWnd.h">
      <Filter>Header Files</Filter>
    </ClInclude>
    <ClInclude Include="COptions.h">
      <Filter>Header Files</Filter>
    </ClInclude>
    <ClInclude Include="ResourceDlg.h">
      <Filter>Header Files</Filter>
    </ClInclude>
    <ClInclude Include="CReport.h">
      <Filter>Header Files</Filter>
    </ClInclude>
    <ClInclude Include="CExport.h">
      <Filter>Header Files</Filter>
    </ClInclude>
    <ClInclude Include="CParameters.h">
      <Filter>Header Files</Filter>
    </ClInclude>
    <ClInclude Include="CApplication.h">
      <Filter>Header Files</Filter>
    </ClInclude>
    <ClInclude Include="CWorkbook.h">
      <Filter>Header Files</Filter>
    </ClInclude>
    <ClInclude Include="CWorksheet.h">
      <Filter>Header Files</Filter>
    </ClInclude>
    <ClInclude Include="CRange.h">
      <Filter>Header Files</Filter>
    </ClInclude>
    <ClInclude Include="CWorkbooks.h">
      <Filter>Header Files</Filter>
    </ClInclude>
    <ClInclude Include="CWorksheets.h">
      <Filter>Header Files</Filter>
    </ClInclude>
    <ClInclude Include="CConstruct.h">
      <Filter>Header Files</Filter>
    </ClInclude>
    <ClInclude Include="CACFunction.h">
      <Filter>Header Files</Filter>
    </ClInclude>
    <ClInclude Include="CActivityDonut.h">
      <Filter>Header Files</Filter>
    </ClInclude>
    <ClInclude Include="CActivityGauge.h">
      <Filter>Header Files</Filter>
    </ClInclude>
    <ClInclude Include="CAddFunction.h">
      <Filter>Header Files</Filter>
    </ClInclude>
    <ClInclude Include="CADXFunction.h">
      <Filter>Header Files</Filter>
    </ClInclude>
    <ClInclude Include="CAlligatorFunction.h">
      <Filter>Header Files</Filter>
    </ClInclude>
    <ClInclude Include="CAmountFilter.h">
      <Filter>Header Files</Filter>
    </ClInclude>
    <ClInclude Include="CAnimationList.h">
      <Filter>Header Files</Filter>
    </ClInclude>
    <ClInclude Include="CAnimations.h">
      <Filter>Header Files</Filter>
    </ClInclude>
    <ClInclude Include="CAnnotationCallout.h">
      <Filter>Header Files</Filter>
    </ClInclude>
    <ClInclude Include="CAnnotationTool.h">
      <Filter>Header Files</Filter>
    </ClInclude>
    <ClInclude Include="CAntiAliasTool.h">
      <Filter>Header Files</Filter>
    </ClInclude>
    <ClInclude Include="CAOFunction.h">
      <Filter>Header Files</Filter>
    </ClInclude>
    <ClInclude Include="CAreaSeries.h">
      <Filter>Header Files</Filter>
    </ClInclude>
    <ClInclude Include="CArrowSeries.h">
      <Filter>Header Files</Filter>
    </ClInclude>
    <ClInclude Include="CArrowTool.h">
      <Filter>Header Files</Filter>
    </ClInclude>
    <ClInclude Include="CAspect.h">
      <Filter>Header Files</Filter>
    </ClInclude>
    <ClInclude Include="CATRFunction.h">
      <Filter>Header Files</Filter>
    </ClInclude>
    <ClInclude Include="CAutomaticText.h">
      <Filter>Header Files</Filter>
    </ClInclude>
    <ClInclude Include="CAverageFunction.h">
      <Filter>Header Files</Filter>
    </ClInclude>
    <ClInclude Include="CAxes.h">
      <Filter>Header Files</Filter>
    </ClInclude>
    <ClInclude Include="CAxis.h">
      <Filter>Header Files</Filter>
    </ClInclude>
    <ClInclude Include="CAxisArrowTool.h">
      <Filter>Header Files</Filter>
    </ClInclude>
    <ClInclude Include="CAxisBreak.h">
      <Filter>Header Files</Filter>
    </ClInclude>
    <ClInclude Include="CAxisBreaks.h">
      <Filter>Header Files</Filter>
    </ClInclude>
    <ClInclude Include="CAxisBreaksTool.h">
      <Filter>Header Files</Filter>
    </ClInclude>
    <ClInclude Include="CAxisGridPen.h">
      <Filter>Header Files</Filter>
    </ClInclude>
    <ClInclude Include="CAxisLabels.h">
      <Filter>Header Files</Filter>
    </ClInclude>
    <ClInclude Include="CAxisLabelsItem.h">
      <Filter>Header Files</Filter>
    </ClInclude>
    <ClInclude Include="CAxisScrollBarTool.h">
      <Filter>Header Files</Filter>
    </ClInclude>
    <ClInclude Include="CAxisScrollTool.h">
      <Filter>Header Files</Filter>
    </ClInclude>
    <ClInclude Include="CAxisTitle.h">
      <Filter>Header Files</Filter>
    </ClInclude>
    <ClInclude Include="CBackImage.h">
      <Filter>Header Files</Filter>
    </ClInclude>
    <ClInclude Include="CBannerTool.h">
      <Filter>Header Files</Filter>
    </ClInclude>
    <ClInclude Include="CBar3DSeries.h">
      <Filter>Header Files</Filter>
    </ClInclude>
    <ClInclude Include="CBarJoinSeries.h">
      <Filter>Header Files</Filter>
    </ClInclude>
    <ClInclude Include="CBarSeries.h">
      <Filter>Header Files</Filter>
    </ClInclude>
    <ClInclude Include="CBaseClustering.h">
      <Filter>Header Files</Filter>
    </ClInclude>
    <ClInclude Include="CBaseHighLowSeries.h">
      <Filter>Header Files</Filter>
    </ClInclude>
    <ClInclude Include="CBevelFilter.h">
      <Filter>Header Files</Filter>
    </ClInclude>
    <ClInclude Include="CBezierSeries.h">
      <Filter>Header Files</Filter>
    </ClInclude>
    <ClInclude Include="CBlurFilter.h">
      <Filter>Header Files</Filter>
    </ClInclude>
    <ClInclude Include="CBMPExport.h">
      <Filter>Header Files</Filter>
    </ClInclude>
    <ClInclude Include="CBollingerFunction.h">
      <Filter>Header Files</Filter>
    </ClInclude>
    <ClInclude Include="CBoxPlotSeries.h">
      <Filter>Header Files</Filter>
    </ClInclude>
    <ClInclude Include="CBrightnessFilter.h">
      <Filter>Header Files</Filter>
    </ClInclude>
    <ClInclude Include="CBrush0.h">
      <Filter>Header Files</Filter>
    </ClInclude>
    <ClInclude Include="CBubble3DSeries.h">
      <Filter>Header Files</Filter>
    </ClInclude>
    <ClInclude Include="CBubbleSeries.h">
      <Filter>Header Files</Filter>
    </ClInclude>
    <ClInclude Include="CCalendarCell.h">
      <Filter>Header Files</Filter>
    </ClInclude>
    <ClInclude Include="CCalendarCellUpper.h">
      <Filter>Header Files</Filter>
    </ClInclude>
    <ClInclude Include="CCalendarSeries.h">
      <Filter>Header Files</Filter>
    </ClInclude>
    <ClInclude Include="CCallout.h">
      <Filter>Header Files</Filter>
    </ClInclude>
    <ClInclude Include="CCandleSeries.h">
      <Filter>Header Files</Filter>
    </ClInclude>
    <ClInclude Include="CCanvas.h">
      <Filter>Header Files</Filter>
    </ClInclude>
    <ClInclude Include="CCCIFunction.h">
      <Filter>Header Files</Filter>
    </ClInclude>
    <ClInclude Include="CChartAnimations.h">
      <Filter>Header Files</Filter>
    </ClInclude>
    <ClInclude Include="CChartAxisPen.h">
      <Filter>Header Files</Filter>
    </ClInclude>
    <ClInclude Include="CChartCollection.h">
      <Filter>Header Files</Filter>
    </ClInclude>
    <ClInclude Include="CChartEditorPanel.h">
      <Filter>Header Files</Filter>
    </ClInclude>
    <ClInclude Include="CChartFont.h">
      <Filter>Header Files</Filter>
    </ClInclude>
    <ClInclude Include="CChartGrid.h">
      <Filter>Header Files</Filter>
    </ClInclude>
    <ClInclude Include="CChartGridCols.h">
      <Filter>Header Files</Filter>
    </ClInclude>
    <ClInclude Include="CChartGridEvents.h">
      <Filter>Header Files</Filter>
    </ClInclude>
    <ClInclude Include="CChartGridNavigator.h">
      <Filter>Header Files</Filter>
    </ClInclude>
    <ClInclude Include="CChartGridRows.h">
      <Filter>Header Files</Filter>
    </ClInclude>
    <ClInclude Include="CChartHiddenPen.h">
      <Filter>Header Files</Filter>
    </ClInclude>
    <ClInclude Include="CChartImageTool.h">
      <Filter>Header Files</Filter>
    </ClInclude>
    <ClInclude Include="CChartPageNavigator.h">
      <Filter>Header Files</Filter>
    </ClInclude>
    <ClInclude Include="CCircledSeries.h">
      <Filter>Header Files</Filter>
    </ClInclude>
    <ClInclude Include="CCircleLabels.h">
      <Filter>Header Files</Filter>
    </ClInclude>
    <ClInclude Include="CCircularFrame.h">
      <Filter>Header Files</Filter>
    </ClInclude>
    <ClInclude Include="CCircularGauge.h">
      <Filter>Header Files</Filter>
    </ClInclude>
    <ClInclude Include="CClipSeriesTool.h">
      <Filter>Header Files</Filter>
    </ClInclude>
    <ClInclude Include="CClockHand.h">
      <Filter>Header Files</Filter>
    </ClInclude>
    <ClInclude Include="CClockSeries.h">
      <Filter>Header Files</Filter>
    </ClInclude>
    <ClInclude Include="CClusteringTool.h">
      <Filter>Header Files</Filter>
    </ClInclude>
    <ClInclude Include="CCLVFunction.h">
      <Filter>Header Files</Filter>
    </ClInclude>
    <ClInclude Include="CColorBandTool.h">
      <Filter>Header Files</Filter>
    </ClInclude>
    <ClInclude Include="CColorFilter.h">
      <Filter>Header Files</Filter>
    </ClInclude>
    <ClInclude Include="CColorGridSeries.h">
      <Filter>Header Files</Filter>
    </ClInclude>
    <ClInclude Include="CColorLineTool.h">
      <Filter>Header Files</Filter>
    </ClInclude>
    <ClInclude Include="CCompressFunction.h">
      <Filter>Header Files</Filter>
    </ClInclude>
    <ClInclude Include="CContourLevel.h">
      <Filter>Header Files</Filter>
    </ClInclude>
    <ClInclude Include="CContourLevels.h">
      <Filter>Header Files</Filter>
    </ClInclude>
    <ClInclude Include="CContourMarks.h">
      <Filter>Header Files</Filter>
    </ClInclude>
    <ClInclude Include="CContourSeries.h">
      <Filter>Header Files</Filter>
    </ClInclude>
    <ClInclude Include="CContrastFilter.h">
      <Filter>Header Files</Filter>
    </ClInclude>
    <ClInclude Include="CConvolveFilter.h">
      <Filter>Header Files</Filter>
    </ClInclude>
    <ClInclude Include="CCorrelationFunction.h">
      <Filter>Header Files</Filter>
    </ClInclude>
    <ClInclude Include="CCountFunction.h">
      <Filter>Header Files</Filter>
    </ClInclude>
    <ClInclude Include="CCropFilter.h">
      <Filter>Header Files</Filter>
    </ClInclude>
    <ClInclude Include="CCrossPointsFunction.h">
      <Filter>Header Files</Filter>
    </ClInclude>
    <ClInclude Include="CCrossTabSource.h">
      <Filter>Header Files</Filter>
    </ClInclude>
    <ClInclude Include="CCumulativeFunction.h">
      <Filter>Header Files</Filter>
    </ClInclude>
    <ClInclude Include="CCursorTool.h">
      <Filter>Header Files</Filter>
    </ClInclude>
    <ClInclude Include="CCurveFittingFunction.h">
      <Filter>Header Files</Filter>
    </ClInclude>
    <ClInclude Include="CCustom3DGridSeries.h">
      <Filter>Header Files</Filter>
    </ClInclude>
    <ClInclude Include="CCustom3DPaletteSeries.h">
      <Filter>Header Files</Filter>
    </ClInclude>
    <ClInclude Include="CCustom3DSeries.h">
      <Filter>Header Files</Filter>
    </ClInclude>
    <ClInclude Include="CCustomAnimationChart.h">
      <Filter>Header Files</Filter>
    </ClInclude>
    <ClInclude Include="CCustomAxes.h">
      <Filter>Header Files</Filter>
    </ClInclude>
    <ClInclude Include="CCustomBarSeries.h">
      <Filter>Header Files</Filter>
    </ClInclude>
    <ClInclude Include="CCustomBoxSeries.h">
      <Filter>Header Files</Filter>
    </ClInclude>
    <ClInclude Include="CCustomCircledSeries.h">
      <Filter>Header Files</Filter>
    </ClInclude>
    <ClInclude Include="CCustomErrorSeries.h">
      <Filter>Header Files</Filter>
    </ClInclude>
    <ClInclude Include="CCustomFunction.h">
      <Filter>Header Files</Filter>
    </ClInclude>
    <ClInclude Include="CCustomGauge.h">
      <Filter>Header Files</Filter>
    </ClInclude>
    <ClInclude Include="CCustomGaugeMinMax.h">
      <Filter>Header Files</Filter>
    </ClInclude>
    <ClInclude Include="CCustomImagePointSeries.h">
      <Filter>Header Files</Filter>
    </ClInclude>
    <ClInclude Include="CCustomPolarSeries.h">
      <Filter>Header Files</Filter>
    </ClInclude>
    <ClInclude Include="CCustomSeries.h">
      <Filter>Header Files</Filter>
    </ClInclude>
    <ClInclude Include="CCustomSeriesList.h">
      <Filter>Header Files</Filter>
    </ClInclude>
    <ClInclude Include="CCustomSortedFunction.h">
      <Filter>Header Files</Filter>
    </ClInclude>
    <ClInclude Include="CCustomTextShape.h">
      <Filter>Header Files</Filter>
    </ClInclude>
    <ClInclude Include="CCustomToolAxis.h">
      <Filter>Header Files</Filter>
    </ClInclude>
    <ClInclude Include="CCustomToolSeries.h">
      <Filter>Header Files</Filter>
    </ClInclude>
    <ClInclude Include="CDarvasSeries.h">
      <Filter>Header Files</Filter>
    </ClInclude>
    <ClInclude Include="CDataExport.h">
      <Filter>Header Files</Filter>
    </ClInclude>
    <ClInclude Include="CDataTableTool.h">
      <Filter>Header Files</Filter>
    </ClInclude>
    <ClInclude Include="CDeltaPointSeries.h">
      <Filter>Header Files</Filter>
    </ClInclude>
    <ClInclude Include="CDivideFunction.h">
      <Filter>Header Files</Filter>
    </ClInclude>
    <ClInclude Include="CDonutSeries.h">
      <Filter>Header Files</Filter>
    </ClInclude>
    <ClInclude Include="CDoubleHorizBarSeries.h">
      <Filter>Header Files</Filter>
    </ClInclude>
    <ClInclude Include="CDownSamplingFunction.h">
      <Filter>Header Files</Filter>
    </ClInclude>
    <ClInclude Include="CDragMarksTool.h">
      <Filter>Header Files</Filter>
    </ClInclude>
    <ClInclude Include="CDragPointTool.h">
      <Filter>Header Files</Filter>
    </ClInclude>
    <ClInclude Include="CDrawLine.h">
      <Filter>Header Files</Filter>
    </ClInclude>
    <ClInclude Include="CDrawLineList.h">
      <Filter>Header Files</Filter>
    </ClInclude>
    <ClInclude Include="CDrawLineTool.h">
      <Filter>Header Files</Filter>
    </ClInclude>
    <ClInclude Include="CEmbossFilter.h">
      <Filter>Header Files</Filter>
    </ClInclude>
    <ClInclude Include="CEnvironment.h">
      <Filter>Header Files</Filter>
    </ClInclude>
    <ClInclude Include="CEPSExport.h">
      <Filter>Header Files</Filter>
    </ClInclude>
    <ClInclude Include="CEqualizerSeries.h">
      <Filter>Header Files</Filter>
    </ClInclude>
    <ClInclude Include="CEquiVolumeSeries.h">
      <Filter>Header Files</Filter>
    </ClInclude>
    <ClInclude Include="CErrorBarSeries.h">
      <Filter>Header Files</Filter>
    </ClInclude>
    <ClInclude Include="CErrorPoint3DSeries.h">
      <Filter>Header Files</Filter>
    </ClInclude>
    <ClInclude Include="CErrorPointSeries.h">
      <Filter>Header Files</Filter>
    </ClInclude>
    <ClInclude Include="CErrors.h">
      <Filter>Header Files</Filter>
    </ClInclude>
    <ClInclude Include="CErrors3D.h">
      <Filter>Header Files</Filter>
    </ClInclude>
    <ClInclude Include="CErrors3DFormat.h">
      <Filter>Header Files</Filter>
    </ClInclude>
    <ClInclude Include="CErrorsBase.h">
      <Filter>Header Files</Filter>
    </ClInclude>
    <ClInclude Include="CErrorSeries.h">
      <Filter>Header Files</Filter>
    </ClInclude>
    <ClInclude Include="CErrorsFormat.h">
      <Filter>Header Files</Filter>
    </ClInclude>
    <ClInclude Include="CExpandAnimation.h">
      <Filter>Header Files</Filter>
    </ClInclude>
    <ClInclude Include="CExpAvgFunction.h">
      <Filter>Header Files</Filter>
    </ClInclude>
    <ClInclude Include="CExplodedSlices.h">
      <Filter>Header Files</Filter>
    </ClInclude>
    <ClInclude Include="CExpMovAvgFunction.h">
      <Filter>Header Files</Filter>
    </ClInclude>
    <ClInclude Include="CExport0.h">
      <Filter>Header Files</Filter>
    </ClInclude>
    <ClInclude Include="CExportFormat.h">
      <Filter>Header Files</Filter>
    </ClInclude>
    <ClInclude Include="CExpTrendFunction.h">
      <Filter>Header Files</Filter>
    </ClInclude>
    <ClInclude Include="CExtraLegendTool.h">
      <Filter>Header Files</Filter>
    </ClInclude>
    <ClInclude Include="CFaderTool.h">
      <Filter>Header Files</Filter>
    </ClInclude>
    <ClInclude Include="CFastLineSeries.h">
      <Filter>Header Files</Filter>
    </ClInclude>
    <ClInclude Include="CFibonacciItem.h">
      <Filter>Header Files</Filter>
    </ClInclude>
    <ClInclude Include="CFibonacciLevels.h">
      <Filter>Header Files</Filter>
    </ClInclude>
    <ClInclude Include="CFibonacciTool.h">
      <Filter>Header Files</Filter>
    </ClInclude>
    <ClInclude Include="CFilterItems.h">
      <Filter>Header Files</Filter>
    </ClInclude>
    <ClInclude Include="CFilterRegion.h">
      <Filter>Header Files</Filter>
    </ClInclude>
    <ClInclude Include="CFlexExport.h">
      <Filter>Header Files</Filter>
    </ClInclude>
    <ClInclude Include="CFlipFilter.h">
      <Filter>Header Files</Filter>
    </ClInclude>
    <ClInclude Include="CFloatXYZ.h">
      <Filter>Header Files</Filter>
    </ClInclude>
    <ClInclude Include="CFrameBrush.h">
      <Filter>Header Files</Filter>
    </ClInclude>
    <ClInclude Include="CFramedBorder.h">
      <Filter>Header Files</Filter>
    </ClInclude>
    <ClInclude Include="CFrameTool.h">
      <Filter>Header Files</Filter>
    </ClInclude>
    <ClInclude Include="CFullScreenTool.h">
      <Filter>Header Files</Filter>
    </ClInclude>
    <ClInclude Include="CFunnelSeries.h">
      <Filter>Header Files</Filter>
    </ClInclude>
    <ClInclude Include="CGammaCorrectionFilter.h">
      <Filter>Header Files</Filter>
    </ClInclude>
    <ClInclude Include="CGanttSeries.h">
      <Filter>Header Files</Filter>
    </ClInclude>
    <ClInclude Include="CGanttTool.h">
      <Filter>Header Files</Filter>
    </ClInclude>
    <ClInclude Include="CGatorFunction.h">
      <Filter>Header Files</Filter>
    </ClInclude>
    <ClInclude Include="CGaugeHand.h">
      <Filter>Header Files</Filter>
    </ClInclude>
    <ClInclude Include="CGaugeHandItem.h">
      <Filter>Header Files</Filter>
    </ClInclude>
    <ClInclude Include="CGaugeHands.h">
      <Filter>Header Files</Filter>
    </ClInclude>
    <ClInclude Include="CGaugePointerRange.h">
      <Filter>Header Files</Filter>
    </ClInclude>
    <ClInclude Include="CGaugeRange.h">
      <Filter>Header Files</Filter>
    </ClInclude>
    <ClInclude Include="CGaugeRanges.h">
      <Filter>Header Files</Filter>
    </ClInclude>
    <ClInclude Include="CGaugeSeries.h">
      <Filter>Header Files</Filter>
    </ClInclude>
    <ClInclude Include="CGaugeSeriesPointer.h">
      <Filter>Header Files</Filter>
    </ClInclude>
    <ClInclude Include="CGIFExport.h">
      <Filter>Header Files</Filter>
    </ClInclude>
    <ClInclude Include="CGLLight.h">
      <Filter>Header Files</Filter>
    </ClInclude>
    <ClInclude Include="CGLLightSource.h">
      <Filter>Header Files</Filter>
    </ClInclude>
    <ClInclude Include="CGLPosition.h">
      <Filter>Header Files</Filter>
    </ClInclude>
    <ClInclude Include="CGradient.h">
      <Filter>Header Files</Filter>
    </ClInclude>
    <ClInclude Include="CGradientColor.h">
      <Filter>Header Files</Filter>
    </ClInclude>
    <ClInclude Include="CGradientColors.h">
      <Filter>Header Files</Filter>
    </ClInclude>
    <ClInclude Include="CGrayScaleFilter.h">
      <Filter>Header Files</Filter>
    </ClInclude>
    <ClInclude Include="CGridBandBrush.h">
      <Filter>Header Files</Filter>
    </ClInclude>
    <ClInclude Include="CGridBandTool.h">
      <Filter>Header Files</Filter>
    </ClInclude>
    <ClInclude Include="CGridTransposeTool.h">
      <Filter>Header Files</Filter>
    </ClInclude>
    <ClInclude Include="CHierarchicalClustering.h">
      <Filter>Header Files</Filter>
    </ClInclude>
    <ClInclude Include="CHighFunction.h">
      <Filter>Header Files</Filter>
    </ClInclude>
    <ClInclude Include="CHighLowLineSeries.h">
      <Filter>Header Files</Filter>
    </ClInclude>
    <ClInclude Include="CHighLowSeries.h">
      <Filter>Header Files</Filter>
    </ClInclude>
    <ClInclude Include="CHistogramFunction.h">
      <Filter>Header Files</Filter>
    </ClInclude>
    <ClInclude Include="CHistogramSeries.h">
      <Filter>Header Files</Filter>
    </ClInclude>
    <ClInclude Include="CHorizAreaSeries.h">
      <Filter>Header Files</Filter>
    </ClInclude>
    <ClInclude Include="CHorizBarSeries.h">
      <Filter>Header Files</Filter>
    </ClInclude>
    <ClInclude Include="CHorizBoxPlotSeries.h">
      <Filter>Header Files</Filter>
    </ClInclude>
    <ClInclude Include="CHorizHistogramSeries.h">
      <Filter>Header Files</Filter>
    </ClInclude>
    <ClInclude Include="CHorizLineSeries.h">
      <Filter>Header Files</Filter>
    </ClInclude>
    <ClInclude Include="CHover.h">
      <Filter>Header Files</Filter>
    </ClInclude>
    <ClInclude Include="CHTMLExport.h">
      <Filter>Header Files</Filter>
    </ClInclude>
    <ClInclude Include="CHueLumSatFilter.h">
      <Filter>Header Files</Filter>
    </ClInclude>
    <ClInclude Include="CImageBarSeries.h">
      <Filter>Header Files</Filter>
    </ClInclude>
    <ClInclude Include="CImagePointSeries.h">
      <Filter>Header Files</Filter>
    </ClInclude>
    <ClInclude Include="CImport.h">
      <Filter>Header Files</Filter>
    </ClInclude>
    <ClInclude Include="CInvertFilter.h">
      <Filter>Header Files</Filter>
    </ClInclude>
    <ClInclude Include="CIsoSurfaceSeries.h">
      <Filter>Header Files</Filter>
    </ClInclude>
    <ClInclude Include="CJavaScriptExport.h">
      <Filter>Header Files</Filter>
    </ClInclude>
    <ClInclude Include="CJPEGExport.h">
      <Filter>Header Files</Filter>
    </ClInclude>
    <ClInclude Include="CJSONExport.h">
      <Filter>Header Files</Filter>
    </ClInclude>
    <ClInclude Include="CKagiSeries.h">
      <Filter>Header Files</Filter>
    </ClInclude>
    <ClInclude Include="CKMeansClustering.h">
      <Filter>Header Files</Filter>
    </ClInclude>
    <ClInclude Include="CKnobGauge.h">
      <Filter>Header Files</Filter>
    </ClInclude>
    <ClInclude Include="CKurtosisFunction.h">
      <Filter>Header Files</Filter>
    </ClInclude>
    <ClInclude Include="CLegend.h">
      <Filter>Header Files</Filter>
    </ClInclude>
    <ClInclude Include="CLegendItem.h">
      <Filter>Header Files</Filter>
    </ClInclude>
    <ClInclude Include="CLegendItems.h">
      <Filter>Header Files</Filter>
    </ClInclude>
    <ClInclude Include="CLegendPaletteTool.h">
      <Filter>Header Files</Filter>
    </ClInclude>
    <ClInclude Include="CLegendPointer.h">
      <Filter>Header Files</Filter>
    </ClInclude>
    <ClInclude Include="CLegendScrollBarTool.h">
      <Filter>Header Files</Filter>
    </ClInclude>
    <ClInclude Include="CLegendSymbol.h">
      <Filter>Header Files</Filter>
    </ClInclude>
    <ClInclude Include="CLegendTitle.h">
      <Filter>Header Files</Filter>
    </ClInclude>
    <ClInclude Include="CLevelSegment.h">
      <Filter>Header Files</Filter>
    </ClInclude>
    <ClInclude Include="CLightFilter.h">
      <Filter>Header Files</Filter>
    </ClInclude>
    <ClInclude Include="CLightTool.h">
      <Filter>Header Files</Filter>
    </ClInclude>
    <ClInclude Include="CLinearGauge.h">
      <Filter>Header Files</Filter>
    </ClInclude>
    <ClInclude Include="CLinePointSeries.h">
      <Filter>Header Files</Filter>
    </ClInclude>
    <ClInclude Include="CLineSeries.h">
      <Filter>Header Files</Filter>
    </ClInclude>
    <ClInclude Include="CLinkTool.h">
      <Filter>Header Files</Filter>
    </ClInclude>
    <ClInclude Include="CLowFunction.h">
      <Filter>Header Files</Filter>
    </ClInclude>
    <ClInclude Include="CMACDFunction.h">
      <Filter>Header Files</Filter>
    </ClInclude>
    <ClInclude Include="CMagnifyTool.h">
      <Filter>Header Files</Filter>
    </ClInclude>
    <ClInclude Include="CMapMarks.h">
      <Filter>Header Files</Filter>
    </ClInclude>
    <ClInclude Include="CMapPolygon.h">
      <Filter>Header Files</Filter>
    </ClInclude>
    <ClInclude Include="CMapPolygonList.h">
      <Filter>Header Files</Filter>
    </ClInclude>
    <ClInclude Include="CMapSeries.h">
      <Filter>Header Files</Filter>
    </ClInclude>
    <ClInclude Include="CMargins.h">
      <Filter>Header Files</Filter>
    </ClInclude>
    <ClInclude Include="CMarks.h">
      <Filter>Header Files</Filter>
    </ClInclude>
    <ClInclude Include="CMarksCallout.h">
      <Filter>Header Files</Filter>
    </ClInclude>
    <ClInclude Include="CMarksItem.h">
      <Filter>Header Files</Filter>
    </ClInclude>
    <ClInclude Include="CMarksSymbol.h">
      <Filter>Header Files</Filter>
    </ClInclude>
    <ClInclude Include="CMarksTail.h">
      <Filter>Header Files</Filter>
    </ClInclude>
    <ClInclude Include="CMarksTipTool.h">
      <Filter>Header Files</Filter>
    </ClInclude>
    <ClInclude Include="CMedianFunction.h">
      <Filter>Header Files</Filter>
    </ClInclude>
    <ClInclude Include="CMetafileExport.h">
      <Filter>Header Files</Filter>
    </ClInclude>
    <ClInclude Include="CMirrorFilter.h">
      <Filter>Header Files</Filter>
    </ClInclude>
    <ClInclude Include="CModeFunction.h">
      <Filter>Header Files</Filter>
    </ClInclude>
    <ClInclude Include="CMomentumDivFunction.h">
      <Filter>Header Files</Filter>
    </ClInclude>
    <ClInclude Include="CMomentumFunction.h">
      <Filter>Header Files</Filter>
    </ClInclude>
    <ClInclude Include="CMoneyFlowFunction.h">
      <Filter>Header Files</Filter>
    </ClInclude>
    <ClInclude Include="CMosaicFilter.h">
      <Filter>Header Files</Filter>
    </ClInclude>
    <ClInclude Include="CMovingAvgFunction.h">
      <Filter>Header Files</Filter>
    </ClInclude>
    <ClInclude Include="CMultiplyFunction.h">
      <Filter>Header Files</Filter>
    </ClInclude>
    <ClInclude Include="CNativeExport.h">
      <Filter>Header Files</Filter>
    </ClInclude>
    <ClInclude Include="CNearestTool.h">
      <Filter>Header Files</Filter>
    </ClInclude>
    <ClInclude Include="CNumericGauge.h">
      <Filter>Header Files</Filter>
    </ClInclude>
    <ClInclude Include="CNumericMarker.h">
      <Filter>Header Files</Filter>
    </ClInclude>
    <ClInclude Include="COBVFunction.h">
      <Filter>Header Files</Filter>
    </ClInclude>
    <ClInclude Include="CODSExport.h">
      <Filter>Header Files</Filter>
    </ClInclude>
    <ClInclude Include="COrgItem.h">
      <Filter>Header Files</Filter>
    </ClInclude>
    <ClInclude Include="COrgItemCollection.h">
      <Filter>Header Files</Filter>
    </ClInclude>
    <ClInclude Include="COrgSeries.h">
      <Filter>Header Files</Filter>
    </ClInclude>
    <ClInclude Include="COrgShape.h">
      <Filter>Header Files</Filter>
    </ClInclude>
    <ClInclude Include="CPage.h">
      <Filter>Header Files</Filter>
    </ClInclude>
    <ClInclude Include="CPageControl.h">
      <Filter>Header Files</Filter>
    </ClInclude>
    <ClInclude Include="CPageNumTool.h">
      <Filter>Header Files</Filter>
    </ClInclude>
    <ClInclude Include="CPanel.h">
      <Filter>Header Files</Filter>
    </ClInclude>
    <ClInclude Include="CParetoFunction.h">
      <Filter>Header Files</Filter>
    </ClInclude>
    <ClInclude Include="CPCXExport.h">
      <Filter>Header Files</Filter>
    </ClInclude>
    <ClInclude Include="CPDFExport.h">
      <Filter>Header Files</Filter>
    </ClInclude>
    <ClInclude Include="CPen0.h">
      <Filter>Header Files</Filter>
    </ClInclude>
    <ClInclude Include="CPercentChangeFunction.h">
      <Filter>Header Files</Filter>
    </ClInclude>
    <ClInclude Include="CPerformanceFunction.h">
      <Filter>Header Files</Filter>
    </ClInclude>
    <ClInclude Include="CPerimeterFunction.h">
      <Filter>Header Files</Filter>
    </ClInclude>
    <ClInclude Include="CPieAngle.h">
      <Filter>Header Files</Filter>
    </ClInclude>
    <ClInclude Include="CPieMarks.h">
      <Filter>Header Files</Filter>
    </ClInclude>
    <ClInclude Include="CPieOtherSlice.h">
      <Filter>Header Files</Filter>
    </ClInclude>
    <ClInclude Include="CPieSeries.h">
      <Filter>Header Files</Filter>
    </ClInclude>
    <ClInclude Include="CPieTool.h">
      <Filter>Header Files</Filter>
    </ClInclude>
    <ClInclude Include="CPNGExport.h">
      <Filter>Header Files</Filter>
    </ClInclude>
    <ClInclude Include="CPoint3DSeries.h">
      <Filter>Header Files</Filter>
    </ClInclude>
    <ClInclude Include="CPointArray.h">
      <Filter>Header Files</Filter>
    </ClInclude>
    <ClInclude Include="CPointer.h">
      <Filter>Header Files</Filter>
    </ClInclude>
    <ClInclude Include="CPointFigureSeries.h">
      <Filter>Header Files</Filter>
    </ClInclude>
    <ClInclude Include="CPointSeries.h">
      <Filter>Header Files</Filter>
    </ClInclude>
    <ClInclude Include="CPolarBarSeries.h">
      <Filter>Header Files</Filter>
    </ClInclude>
    <ClInclude Include="CPolarContourSeries.h">
      <Filter>Header Files</Filter>
    </ClInclude>
    <ClInclude Include="CPolarGridSeries.h">
      <Filter>Header Files</Filter>
    </ClInclude>
    <ClInclude Include="CPolarLabels.h">
      <Filter>Header Files</Filter>
    </ClInclude>
    <ClInclude Include="CPolarSeries.h">
      <Filter>Header Files</Filter>
    </ClInclude>
    <ClInclude Include="CPolygonSeries.h">
      <Filter>Header Files</Filter>
    </ClInclude>
    <ClInclude Include="CPrinter0.h">
      <Filter>Header Files</Filter>
    </ClInclude>
    <ClInclude Include="CPrinterSettings.h">
      <Filter>Header Files</Filter>
    </ClInclude>
    <ClInclude Include="CPVOFunction.h">
      <Filter>Header Files</Filter>
    </ClInclude>
    <ClInclude Include="CPyramidSeries.h">
      <Filter>Header Files</Filter>
    </ClInclude>
    <ClInclude Include="CQTClustering.h">
      <Filter>Header Files</Filter>
    </ClInclude>
    <ClInclude Include="CRadarSeries.h">
      <Filter>Header Files</Filter>
    </ClInclude>
    <ClInclude Include="CRectangleTool.h">
      <Filter>Header Files</Filter>
    </ClInclude>
    <ClInclude Include="CRenkoSeries.h">
      <Filter>Header Files</Filter>
    </ClInclude>
    <ClInclude Include="CRepaintMonitorTool.h">
      <Filter>Header Files</Filter>
    </ClInclude>
    <ClInclude Include="CResizeFilter.h">
      <Filter>Header Files</Filter>
    </ClInclude>
    <ClInclude Include="CReverseFilter.h">
      <Filter>Header Files</Filter>
    </ClInclude>
    <ClInclude Include="CRMSFunction.h">
      <Filter>Header Files</Filter>
    </ClInclude>
    <ClInclude Include="CRoseSeries.h">
      <Filter>Header Files</Filter>
    </ClInclude>
    <ClInclude Include="CRotateFilter.h">
      <Filter>Header Files</Filter>
    </ClInclude>
    <ClInclude Include="CRotateTool.h">
      <Filter>Header Files</Filter>
    </ClInclude>
    <ClInclude Include="CRSIFunction.h">
      <Filter>Header Files</Filter>
    </ClInclude>
    <ClInclude Include="CRVIFunction.h">
      <Filter>Header Files</Filter>
    </ClInclude>
    <ClInclude Include="CSARFunction.h">
      <Filter>Header Files</Filter>
    </ClInclude>
    <ClInclude Include="CScroll.h">
      <Filter>Header Files</Filter>
    </ClInclude>
    <ClInclude Include="CScrollBarThumb.h">
      <Filter>Header Files</Filter>
    </ClInclude>
    <ClInclude Include="CScrollPagerTool.h">
      <Filter>Header Files</Filter>
    </ClInclude>
    <ClInclude Include="CSelectorTool.h">
      <Filter>Header Files</Filter>
    </ClInclude>
    <ClInclude Include="CSepiaFilter.h">
      <Filter>Header Files</Filter>
    </ClInclude>
    <ClInclude Include="CSeries.h">
      <Filter>Header Files</Filter>
    </ClInclude>
    <ClInclude Include="CSeriesAnimationTool.h">
      <Filter>Header Files</Filter>
    </ClInclude>
    <ClInclude Include="CSeriesBandTool.h">
      <Filter>Header Files</Filter>
    </ClInclude>
    <ClInclude Include="CSeriesGroup.h">
      <Filter>Header Files</Filter>
    </ClInclude>
    <ClInclude Include="CSeriesGroups.h">
      <Filter>Header Files</Filter>
    </ClInclude>
    <ClInclude Include="CSeriesList.h">
      <Filter>Header Files</Filter>
    </ClInclude>
    <ClInclude Include="CSeriesMarkPosition.h">
      <Filter>Header Files</Filter>
    </ClInclude>
    <ClInclude Include="CSeriesMarksPositions.h">
      <Filter>Header Files</Filter>
    </ClInclude>
    <ClInclude Include="CSeriesPointerItems.h">
      <Filter>Header Files</Filter>
    </ClInclude>
    <ClInclude Include="CSeriesRegionTool.h">
      <Filter>Header Files</Filter>
    </ClInclude>
    <ClInclude Include="CSeriesSource.h">
      <Filter>Header Files</Filter>
    </ClInclude>
    <ClInclude Include="CSeriesSourceFile.h">
      <Filter>Header Files</Filter>
    </ClInclude>
    <ClInclude Include="CSeriesStatsTool.h">
      <Filter>Header Files</Filter>
    </ClInclude>
    <ClInclude Include="CSeriesTextField.h">
      <Filter>Header Files</Filter>
    </ClInclude>
    <ClInclude Include="CSeriesTextFields.h">
      <Filter>Header Files</Filter>
    </ClInclude>
    <ClInclude Include="CSeriesTextSource.h">
      <Filter>Header Files</Filter>
    </ClInclude>
    <ClInclude Include="CSeriesXMLSource.h">
      <Filter>Header Files</Filter>
    </ClInclude>
    <ClInclude Include="CShapeCallout.h">
      <Filter>Header Files</Filter>
    </ClInclude>
    <ClInclude Include="CShapeSeries.h">
      <Filter>Header Files</Filter>
    </ClInclude>
    <ClInclude Include="CSharpenFilter.h">
      <Filter>Header Files</Filter>
    </ClInclude>
    <ClInclude Include="CSkewnessFunction.h">
      <Filter>Header Files</Filter>
    </ClInclude>
    <ClInclude Include="CSlopeFunction.h">
      <Filter>Header Files</Filter>
    </ClInclude>
    <ClInclude Include="CSmithSeries.h">
      <Filter>Header Files</Filter>
    </ClInclude>
    <ClInclude Include="CSmoothedMovAvgFunction.h">
      <Filter>Header Files</Filter>
    </ClInclude>
    <ClInclude Include="CSmoothingFunction.h">
      <Filter>Header Files</Filter>
    </ClInclude>
    <ClInclude Include="CSmoothPoints.h">
      <Filter>Header Files</Filter>
    </ClInclude>
    <ClInclude Include="CSobelFilter.h">
      <Filter>Header Files</Filter>
    </ClInclude>
    <ClInclude Include="CSoftenFilter.h">
      <Filter>Header Files</Filter>
    </ClInclude>
    <ClInclude Include="CSpacing.h">
      <Filter>Header Files</Filter>
    </ClInclude>
    <ClInclude Include="CStdDeviationFunction.h">
      <Filter>Header Files</Filter>
    </ClInclude>
    <ClInclude Include="CStochasticFunction.h">
      <Filter>Header Files</Filter>
    </ClInclude>
    <ClInclude Include="CStrings.h">
      <Filter>Header Files</Filter>
    </ClInclude>
    <ClInclude Include="CSubChart.h">
      <Filter>Header Files</Filter>
    </ClInclude>
    <ClInclude Include="CSubChartChart.h">
      <Filter>Header Files</Filter>
    </ClInclude>
    <ClInclude Include="CSubChartTool.h">
      <Filter>Header Files</Filter>
    </ClInclude>
    <ClInclude Include="CSubGradient.h">
      <Filter>Header Files</Filter>
    </ClInclude>
    <ClInclude Include="CSubsetTeeFunction.h">
      <Filter>Header Files</Filter>
    </ClInclude>
    <ClInclude Include="CSubtractFunction.h">
      <Filter>Header Files</Filter>
    </ClInclude>
    <ClInclude Include="CSurfaceNearestTool.h">
      <Filter>Header Files</Filter>
    </ClInclude>
    <ClInclude Include="CSurfaceSeries.h">
      <Filter>Header Files</Filter>
    </ClInclude>
    <ClInclude Include="CSurfaceSides.h">
      <Filter>Header Files</Filter>
    </ClInclude>
    <ClInclude Include="CSVGExport.h">
      <Filter>Header Files</Filter>
    </ClInclude>
    <ClInclude Include="CTableLegend.h">
      <Filter>Header Files</Filter>
    </ClInclude>
    <ClInclude Include="CTagCloudSeries.h">
      <Filter>Header Files</Filter>
    </ClInclude>
    <ClInclude Include="CTChartEvents.h">
      <Filter>Header Files</Filter>
    </ClInclude>
    <ClInclude Include="CTeeAnimate.h">
      <Filter>Header Files</Filter>
    </ClInclude>
    <ClInclude Include="CTeeAnimation.h">
      <Filter>Header Files</Filter>
    </ClInclude>
    <ClInclude Include="CTeeBasePath.h">
      <Filter>Header Files</Filter>
    </ClInclude>
    <ClInclude Include="CTeeCommander.h">
      <Filter>Header Files</Filter>
    </ClInclude>
    <ClInclude Include="CTeeCommanderButton.h">
      <Filter>Header Files</Filter>
    </ClInclude>
    <ClInclude Include="CTeeCommanderEvents.h">
      <Filter>Header Files</Filter>
    </ClInclude>
    <ClInclude Include="CTeeCorner.h">
      <Filter>Header Files</Filter>
    </ClInclude>
    <ClInclude Include="CTeeCorners.h">
      <Filter>Header Files</Filter>
    </ClInclude>
    <ClInclude Include="CTeeCustomAnimation.h">
      <Filter>Header Files</Filter>
    </ClInclude>
    <ClInclude Include="CTeeCustomShape.h">
      <Filter>Header Files</Filter>
    </ClInclude>
    <ClInclude Include="CTeeCustomShapeBrushPen.h">
      <Filter>Header Files</Filter>
    </ClInclude>
    <ClInclude Include="CTeeEditor.h">
      <Filter>Header Files</Filter>
    </ClInclude>
    <ClInclude Include="CTeeEditorOptions.h">
      <Filter>Header Files</Filter>
    </ClInclude>
    <ClInclude Include="CTeeEditorShowPages.h">
      <Filter>Header Files</Filter>
    </ClInclude>
    <ClInclude Include="CTeeEmboss.h">
      <Filter>Header Files</Filter>
    </ClInclude>
    <ClInclude Include="CTeeFilter.h">
      <Filter>Header Files</Filter>
    </ClInclude>
    <ClInclude Include="CTeeFont.h">
      <Filter>Header Files</Filter>
    </ClInclude>
    <ClInclude Include="CTeeFunction.h">
      <Filter>Header Files</Filter>
    </ClInclude>
    <ClInclude Include="CTeeGDIPlus.h">
      <Filter>Header Files</Filter>
    </ClInclude>
    <ClInclude Include="CTeeLinked.h">
      <Filter>Header Files</Filter>
    </ClInclude>
    <ClInclude Include="CTeeListBox.h">
      <Filter>Header Files</Filter>
    </ClInclude>
    <ClInclude Include="CTeeListBoxEvents.h">
      <Filter>Header Files</Filter>
    </ClInclude>
    <ClInclude Include="CTeeListBoxSection.h">
      <Filter>Header Files</Filter>
    </ClInclude>
    <ClInclude Include="CTeeOpenGL.h">
      <Filter>Header Files</Filter>
    </ClInclude>
    <ClInclude Include="CTeePanelsList.h">
      <Filter>Header Files</Filter>
    </ClInclude>
    <ClInclude Include="CTeePanning.h">
      <Filter>Header Files</Filter>
    </ClInclude>
    <ClInclude Include="CTeePicture.h">
      <Filter>Header Files</Filter>
    </ClInclude>
    <ClInclude Include="CTeePoint2D.h">
      <Filter>Header Files</Filter>
    </ClInclude>
    <ClInclude Include="CTeePoint3D.h">
      <Filter>Header Files</Filter>
    </ClInclude>
    <ClInclude Include="CTeePreviewer.h">
      <Filter>Header Files</Filter>
    </ClInclude>
    <ClInclude Include="CTeePreviewerOptions.h">
      <Filter>Header Files</Filter>
    </ClInclude>
    <ClInclude Include="CTeePreviewPanel.h">
      <Filter>Header Files</Filter>
    </ClInclude>
    <ClInclude Include="CTeePreviewPanelEvents.h">
      <Filter>Header Files</Filter>
    </ClInclude>
    <ClInclude Include="CTeeRect.h">
      <Filter>Header Files</Filter>
    </ClInclude>
    <ClInclude Include="CTeeRectArray.h">
      <Filter>Header Files</Filter>
    </ClInclude>
    <ClInclude Include="CTeeScrollBar.h">
      <Filter>Header Files</Filter>
    </ClInclude>
    <ClInclude Include="CTeeSelected.h">
      <Filter>Header Files</Filter>
    </ClInclude>
    <ClInclude Include="CTeeShadow.h">
      <Filter>Header Files</Filter>
    </ClInclude>
    <ClInclude Include="CTeeShape.h">
      <Filter>Header Files</Filter>
    </ClInclude>
    <ClInclude Include="CTeeShapeItem.h">
      <Filter>Header Files</Filter>
    </ClInclude>
    <ClInclude Include="CTeeShapePosition.h">
      <Filter>Header Files</Filter>
    </ClInclude>
    <ClInclude Include="CTeeShapes.h">
      <Filter>Header Files</Filter>
    </ClInclude>
    <ClInclude Include="CTernarySeries.h">
      <Filter>Header Files</Filter>
    </ClInclude>
    <ClInclude Include="CText3DTool.h">
      <Filter>Header Files</Filter>
    </ClInclude>
    <ClInclude Include="CTextExport.h">
      <Filter>Header Files</Filter>
    </ClInclude>
    <ClInclude Include="CTextShape.h">
      <Filter>Header Files</Filter>
    </ClInclude>
    <ClInclude Include="CThemesList.h">
      <Filter>Header Files</Filter>
    </ClInclude>
    <ClInclude Include="CTileFilter.h">
      <Filter>Header Files</Filter>
    </ClInclude>
    <ClInclude Include="CTitles.h">
      <Filter>Header Files</Filter>
    </ClInclude>
    <ClInclude Include="CToolList.h">
      <Filter>Header Files</Filter>
    </ClInclude>
    <ClInclude Include="CTools.h">
      <Filter>Header Files</Filter>
    </ClInclude>
    <ClInclude Include="CTowerSeries.h">
      <Filter>Header Files</Filter>
    </ClInclude>
    <ClInclude Include="CTransformAnimation.h">
      <Filter>Header Files</Filter>
    </ClInclude>
    <ClInclude Include="CTransposeSeriesTool.h">
      <Filter>Header Files</Filter>
    </ClInclude>
    <ClInclude Include="CTreeMapSeries.h">
      <Filter>Header Files</Filter>
    </ClInclude>
    <ClInclude Include="CTrendFunction.h">
      <Filter>Header Files</Filter>
    </ClInclude>
    <ClInclude Include="CTriSurfaceSeries.h">
      <Filter>Header Files</Filter>
    </ClInclude>
    <ClInclude Include="CValueList.h">
      <Filter>Header Files</Filter>
    </ClInclude>
    <ClInclude Include="CValueLists.h">
      <Filter>Header Files</Filter>
    </ClInclude>
    <ClInclude Include="CVarianceFunction.h">
      <Filter>Header Files</Filter>
    </ClInclude>
    <ClInclude Include="CVector3DSeries.h">
      <Filter>Header Files</Filter>
    </ClInclude>
    <ClInclude Include="CVideoPlayerTool.h">
      <Filter>Header Files</Filter>
    </ClInclude>
    <ClInclude Include="CVideoTool.h">
      <Filter>Header Files</Filter>
    </ClInclude>
    <ClInclude Include="CVolumePipeSeries.h">
      <Filter>Header Files</Filter>
    </ClInclude>
    <ClInclude Include="CVolumeSeries.h">
      <Filter>Header Files</Filter>
    </ClInclude>
    <ClInclude Include="CWall.h">
      <Filter>Header Files</Filter>
    </ClInclude>
    <ClInclude Include="CWalls.h">
      <Filter>Header Files</Filter>
    </ClInclude>
    <ClInclude Include="CWaterfallSeries.h">
      <Filter>Header Files</Filter>
    </ClInclude>
    <ClInclude Include="CWindRoseSeries.h">
      <Filter>Header Files</Filter>
    </ClInclude>
    <ClInclude Include="CWorldFlags.h">
      <Filter>Header Files</Filter>
    </ClInclude>
    <ClInclude Include="CWorldSeries.h">
      <Filter>Header Files</Filter>
    </ClInclude>
    <ClInclude Include="CXAMLExport.h">
      <Filter>Header Files</Filter>
    </ClInclude>
    <ClInclude Include="CXLSExport.h">
      <Filter>Header Files</Filter>
    </ClInclude>
    <ClInclude Include="CXMLExport.h">
      <Filter>Header Files</Filter>
    </ClInclude>
    <ClInclude Include="CZoom.h">
      <Filter>Header Files</Filter>
    </ClInclude>
    <ClInclude Include="CZoomFilter.h">
      <Filter>Header Files</Filter>
    </ClInclude>
    <ClInclude Include="CZoomPanning.h">
      <Filter>Header Files</Filter>
    </ClInclude>
    <ClInclude Include="CTChart.h">
      <Filter>Header Files</Filter>
    </ClInclude>
    <ClInclude Include="Common.h">
      <Filter>Header Files</Filter>
    </ClInclude>
    <ClInclude Include="GlobalCommon.h">
      <Filter>Header Files</Filter>
    </ClInclude>
    <ClInclude Include="Hype_CRHM.h">
      <Filter>Header Files</Filter>
    </ClInclude>
    <ClInclude Include="Hype_lake.h">
      <Filter>Header Files</Filter>
    </ClInclude>
    <ClInclude Include="Hype_river.h">
      <Filter>Header Files</Filter>
    </ClInclude>
    <ClInclude Include="Hype_routines.h">
      <Filter>Header Files</Filter>
    </ClInclude>
    <ClInclude Include="NewModules.h">
      <Filter>Header Files</Filter>
    </ClInclude>
    <ClInclude Include="SnobalDefines.h">
      <Filter>Header Files</Filter>
    </ClInclude>
    <ClInclude Include="utils.h">
      <Filter>Header Files</Filter>
    </ClInclude>
    <ClInclude Include="TStringList.h">
      <Filter>Header Files</Filter>
    </ClInclude>
    <ClInclude Include="ClassModule.h">
      <Filter>Header Files</Filter>
    </ClInclude>
    <ClInclude Include="ClassCRHM.h">
      <Filter>Header Files</Filter>
    </ClInclude>
    <ClInclude Include="Header.h">
      <Filter>Header Files</Filter>
    </ClInclude>
    <ClInclude Include="CRHMmain.h">
      <Filter>Header Files</Filter>
    </ClInclude>
    <ClInclude Include="GlobalDll.h">
      <Filter>Header Files</Filter>
    </ClInclude>
    <ClInclude Include="MacroUnit.h">
      <Filter>Header Files</Filter>
    </ClInclude>
    <ClInclude Include="CRHM_parse.h">
      <Filter>Header Files</Filter>
    </ClInclude>
    <ClInclude Include="CRHMmainDlg.h">
      <Filter>Header Files</Filter>
    </ClInclude>
  </ItemGroup>
  <ItemGroup>
    <ClCompile Include="CRHM_GUI.cpp">
      <Filter>Source Files</Filter>
    </ClCompile>
    <ClCompile Include="stdafx.cpp">
      <Filter>Source Files</Filter>
    </ClCompile>
    <ClCompile Include="MainFrm.cpp">
      <Filter>Source Files</Filter>
    </ClCompile>
    <ClCompile Include="CRHM_GUIDoc.cpp">
      <Filter>Source Files</Filter>
    </ClCompile>
    <ClCompile Include="CRHM_GUIView.cpp">
      <Filter>Source Files</Filter>
    </ClCompile>
    <ClCompile Include="OutputWnd.cpp">
      <Filter>Source Files</Filter>
    </ClCompile>
    <ClCompile Include="COptions.cpp">
      <Filter>Source Files</Filter>
    </ClCompile>
    <ClCompile Include="ResourceDlg.cpp">
      <Filter>Source Files</Filter>
    </ClCompile>
    <ClCompile Include="CReport.cpp">
      <Filter>Source Files</Filter>
    </ClCompile>
    <ClCompile Include="CExport.cpp">
      <Filter>Source Files</Filter>
    </ClCompile>
    <ClCompile Include="CParameters.cpp">
      <Filter>Source Files</Filter>
    </ClCompile>
    <ClCompile Include="CConstruct.cpp">
      <Filter>Source Files</Filter>
    </ClCompile>
    <ClCompile Include="CTChart.cpp">
      <Filter>Source Files</Filter>
    </ClCompile>
    <ClCompile Include="Common.cpp">
      <Filter>Source Files</Filter>
    </ClCompile>
    <ClCompile Include="Hype_CRHM.cpp">
      <Filter>Source Files</Filter>
    </ClCompile>
    <ClCompile Include="Hype_lake.cpp">
      <Filter>Source Files</Filter>
    </ClCompile>
    <ClCompile Include="Hype_river.cpp">
      <Filter>Source Files</Filter>
    </ClCompile>
    <ClCompile Include="Hype_routines.cpp">
      <Filter>Source Files</Filter>
    </ClCompile>
    <ClCompile Include="NewModules.cpp">
      <Filter>Source Files</Filter>
    </ClCompile>
    <ClCompile Include="utils.cpp">
      <Filter>Source Files</Filter>
    </ClCompile>
    <ClCompile Include="TStringList.cpp">
      <Filter>Source Files</Filter>
    </ClCompile>
    <ClCompile Include="ClassModule.cpp">
      <Filter>Source Files</Filter>
    </ClCompile>
    <ClCompile Include="ClassCRHM.cpp">
      <Filter>Source Files</Filter>
    </ClCompile>
    <ClCompile Include="CRHMmain.cpp">
      <Filter>Source Files</Filter>
    </ClCompile>
    <ClCompile Include="GlobalDll.cpp">
      <Filter>Source Files</Filter>
    </ClCompile>
    <ClCompile Include="MacroUnit.cpp">
      <Filter>Source Files</Filter>
    </ClCompile>
    <ClCompile Include="CRHM_parse.cpp">
      <Filter>Source Files</Filter>
    </ClCompile>
    <ClCompile Include="CRHMmainDlg.cpp">
      <Filter>Source Files</Filter>
    </ClCompile>
  </ItemGroup>
  <ItemGroup>
    <ResourceCompile Include="CRHMGUI.rc">
      <Filter>Resource Files</Filter>
    </ResourceCompile>
  </ItemGroup>
  <ItemGroup>
    <Image Include="res\output_wnd.ico">
      <Filter>Resource Files</Filter>
    </Image>
    <Image Include="res\output_wnd_hc.ico">
      <Filter>Resource Files</Filter>
    </Image>
    <Image Include="res\userimages.bmp">
      <Filter>Resource Files</Filter>
    </Image>
    <Image Include="res\CRHM_GUIDoc.ico">
      <Filter>Resource Files</Filter>
    </Image>
    <Image Include="res\CRHM_GUI.ico">
      <Filter>Resource Files</Filter>
    </Image>
    <Image Include="res\Toolbar.bmp">
      <Filter>Resource Files</Filter>
    </Image>
    <Image Include="res\Toolbar256.bmp">
      <Filter>Resource Files</Filter>
    </Image>
  </ItemGroup>
  <ItemGroup>
    <None Include="res\CRHMGUI.rc2">
      <Filter>Resource Files</Filter>
    </None>
    <None Include="..\..\..\..\..\..\Program Files (x86)\Steema Software\TeeChart Pro v2018 ActiveX Evaluation\TeeChart2018.ocx" />
  </ItemGroup>
</Project>